
Microsoft Visual Studio Solution File, Format Version 12.00
# Visual Studio Version 17
VisualStudioVersion = 17.0.31919.166
MinimumVisualStudioVersion = 10.0.40219.1
Project("{FAE04EC0-301F-11D3-BF4B-00C04F79EFBC}") = "DigitalEnvision.Assigment", "DigitalEnvision.Assigment\DigitalEnvision.Assigment.csproj", "{2585A4C6-723E-4AF7-8378-B221C689319B}"
EndProject
Global
	GlobalSection(SolutionConfigurationPlatforms) = preSolution
		Debug|Any CPU = Debug|Any CPU
		Release|Any CPU = Release|Any CPU
	EndGlobalSection
	GlobalSection(ProjectConfigurationPlatforms) = postSolution
		{2585A4C6-723E-4AF7-8378-B221C689319B}.Debug|Any CPU.ActiveCfg = Debug|Any CPU
		{2585A4C6-723E-4AF7-8378-B221C689319B}.Debug|Any CPU.Build.0 = Debug|Any CPU
		{2585A4C6-723E-4AF7-8378-B221C689319B}.Release|Any CPU.ActiveCfg = Release|Any CPU
		{2585A4C6-723E-4AF7-8378-B221C689319B}.Release|Any CPU.Build.0 = Release|Any CPU
	EndGlobalSection
	GlobalSection(SolutionProperties) = preSolution
		HideSolutionNode = FALSE
	EndGlobalSection
	GlobalSection(ExtensibilityGlobals) = postSolution
		SolutionGuid = {75887098-02B0-4E81-B8D4-1A48DDA6EE09}
	EndGlobalSection
EndGlobal
